
Microsoft Visual Studio Solution File, Format Version 12.00
# Visual Studio 2013
VisualStudioVersion = 12.0.21005.1
MinimumVisualStudioVersion = 10.0.40219.1
Project("{FAE04EC0-301F-11D3-BF4B-00C04F79EFBC}") = "FirstKnock.Web", "FirstKnock.Web\FirstKnock.Web.csproj", "{5AADD348-C42C-4083-B423-5EFBCFC77CCF}"
EndProject
Project("{FAE04EC0-301F-11D3-BF4B-00C04F79EFBC}") = "FirstKnock.DataLayer", "FirstKnock.DataLayer\FirstKnock.DataLayer.csproj", "{E9BB8537-FF27-446E-9936-7CBE4D3975E9}"
EndProject
Project("{FAE04EC0-301F-11D3-BF4B-00C04F79EFBC}") = "FirstKnock.Domain", "FirstKnock.Domain\FirstKnock.Domain.csproj", "{C422F8CD-941D-44CE-85F3-E8B4887922FC}"
EndProject
Global
	GlobalSection(SolutionConfigurationPlatforms) = preSolution
		Debug|Any CPU = Debug|Any CPU
		Release|Any CPU = Release|Any CPU
	EndGlobalSection
	GlobalSection(ProjectConfigurationPlatforms) = postSolution
		{5AADD348-C42C-4083-B423-5EFBCFC77CCF}.Debug|Any CPU.ActiveCfg = Debug|Any CPU
		{5AADD348-C42C-4083-B423-5EFBCFC77CCF}.Debug|Any CPU.Build.0 = Debug|Any CPU
		{5AADD348-C42C-4083-B423-5EFBCFC77CCF}.Release|Any CPU.ActiveCfg = Release|Any CPU
		{5AADD348-C42C-4083-B423-5EFBCFC77CCF}.Release|Any CPU.Build.0 = Release|Any CPU
		{E9BB8537-FF27-446E-9936-7CBE4D3975E9}.Debug|Any CPU.ActiveCfg = Debug|Any CPU
		{E9BB8537-FF27-446E-9936-7CBE4D3975E9}.Debug|Any CPU.Build.0 = Debug|Any CPU
		{E9BB8537-FF27-446E-9936-7CBE4D3975E9}.Release|Any CPU.ActiveCfg = Release|Any CPU
		{E9BB8537-FF27-446E-9936-7CBE4D3975E9}.Release|Any CPU.Build.0 = Release|Any CPU
		{C422F8CD-941D-44CE-85F3-E8B4887922FC}.Debug|Any CPU.ActiveCfg = Debug|Any CPU
		{C422F8CD-941D-44CE-85F3-E8B4887922FC}.Debug|Any CPU.Build.0 = Debug|Any CPU
		{C422F8CD-941D-44CE-85F3-E8B4887922FC}.Release|Any CPU.ActiveCfg = Release|Any CPU
		{C422F8CD-941D-44CE-85F3-E8B4887922FC}.Release|Any CPU.Build.0 = Release|Any CPU
	EndGlobalSection
	GlobalSection(SolutionProperties) = preSolution
		HideSolutionNode = FALSE
	EndGlobalSection
EndGlobal
